
Microsoft Visual Studio Solution File, Format Version 12.00
# Visual Studio Version 17
VisualStudioVersion = 17.0.31903.59
MinimumVisualStudioVersion = 10.0.40219.1
Project("{FAE04EC0-301F-11D3-BF4B-00C04F79EFBC}") = "VTBL.Restrict.Loader.UI", "VTBL.Restrict.Loader.UI\VTBL.Restrict.Loader.UI.csproj", "{6D0572DA-E759-4647-A41E-15692B83DABC}"
EndProject
Project("{FAE04EC0-301F-11D3-BF4B-00C04F79EFBC}") = "VTBL.Restrict.Loader.Domain", "VTBL.Restrict.Loader.Domain\VTBL.Restrict.Loader.Domain.csproj", "{A1B2C3D4-E5F6-4701-8901-234567890ABC}"
EndProject
Project("{FAE04EC0-301F-11D3-BF4B-00C04F79EFBC}") = "VTBL.Restrict.Loader.Application", "VTBL.Restrict.Loader.Application\VTBL.Restrict.Loader.Application.csproj", "{B2C3D4E5-F6A7-4802-9012-34567890ABCD}"
EndProject
Project("{FAE04EC0-301F-11D3-BF4B-00C04F79EFBC}") = "VTBL.Restrict.Loader.Infrastructure", "VTBL.Restrict.Loader.Infrastructure\VTBL.Restrict.Loader.Infrastructure.csproj", "{C3D4E5F6-A7B8-4903-A123-4567890ABCDE}"
EndProject
Project("{FAE04EC0-301F-11D3-BF4B-00C04F79EFBC}") = "VTBL.Restrict.Loader.Application.Tests", "VTBL.Restrict.Loader.Application.Tests\VTBL.Restrict.Loader.Application.Tests.csproj", "{D4E5F6A7-B8C9-4A04-B234-567890ABCDEF}"
EndProject
Project("{FAE04EC0-301F-11D3-BF4B-00C04F79EFBC}") = "VTBL.Restrict.Loader.UI.Tests", "VTBL.Restrict.Loader.UI.Tests\VTBL.Restrict.Loader.UI.Tests.csproj", "{0BABE8F4-81A6-4AB5-AA92-7598233D24A4}"
EndProject
Project("{FAE04EC0-301F-11D3-BF4B-00C04F79EFBC}") = "VTBL.Restrict.Loader.Tests", "VTBL.Restrict.Loader.Tests\VTBL.Restrict.Loader.Tests.csproj", "{9DE5E0C4-3A05-4DF2-B2EA-F87B62567624}"
EndProject
Global
	GlobalSection(SolutionConfigurationPlatforms) = preSolution
		Debug|Any CPU = Debug|Any CPU
		Debug|x64 = Debug|x64
		Debug|x86 = Debug|x86
		Release|Any CPU = Release|Any CPU
		Release|x64 = Release|x64
		Release|x86 = Release|x86
	EndGlobalSection
	GlobalSection(ProjectConfigurationPlatforms) = postSolution
		{6D0572DA-E759-4647-A41E-15692B83DABC}.Debug|Any CPU.ActiveCfg = Debug|Any CPU
		{6D0572DA-E759-4647-A41E-15692B83DABC}.Debug|Any CPU.Build.0 = Debug|Any CPU
		{6D0572DA-E759-4647-A41E-15692B83DABC}.Debug|x64.ActiveCfg = Debug|Any CPU
		{6D0572DA-E759-4647-A41E-15692B83DABC}.Debug|x64.Build.0 = Debug|Any CPU
		{6D0572DA-E759-4647-A41E-15692B83DABC}.Debug|x86.ActiveCfg = Debug|Any CPU
		{6D0572DA-E759-4647-A41E-15692B83DABC}.Debug|x86.Build.0 = Debug|Any CPU
		{6D0572DA-E759-4647-A41E-15692B83DABC}.Release|Any CPU.ActiveCfg = Release|Any CPU
		{6D0572DA-E759-4647-A41E-15692B83DABC}.Release|Any CPU.Build.0 = Release|Any CPU
		{6D0572DA-E759-4647-A41E-15692B83DABC}.Release|x64.ActiveCfg = Release|Any CPU
		{6D0572DA-E759-4647-A41E-15692B83DABC}.Release|x64.Build.0 = Release|Any CPU
		{6D0572DA-E759-4647-A41E-15692B83DABC}.Release|x86.ActiveCfg = Release|Any CPU
		{6D0572DA-E759-4647-A41E-15692B83DABC}.Release|x86.Build.0 = Release|Any CPU
		{A1B2C3D4-E5F6-4701-8901-234567890ABC}.Debug|Any CPU.ActiveCfg = Debug|Any CPU
		{A1B2C3D4-E5F6-4701-8901-234567890ABC}.Debug|Any CPU.Build.0 = Debug|Any CPU
		{A1B2C3D4-E5F6-4701-8901-234567890ABC}.Debug|x64.ActiveCfg = Debug|Any CPU
		{A1B2C3D4-E5F6-4701-8901-234567890ABC}.Debug|x64.Build.0 = Debug|Any CPU
		{A1B2C3D4-E5F6-4701-8901-234567890ABC}.Debug|x86.ActiveCfg = Debug|Any CPU
		{A1B2C3D4-E5F6-4701-8901-234567890ABC}.Debug|x86.Build.0 = Debug|Any CPU
		{A1B2C3D4-E5F6-4701-8901-234567890ABC}.Release|Any CPU.ActiveCfg = Release|Any CPU
		{A1B2C3D4-E5F6-4701-8901-234567890ABC}.Release|Any CPU.Build.0 = Release|Any CPU
		{A1B2C3D4-E5F6-4701-8901-234567890ABC}.Release|x64.ActiveCfg = Release|Any CPU
		{A1B2C3D4-E5F6-4701-8901-234567890ABC}.Release|x64.Build.0 = Release|Any CPU
		{A1B2C3D4-E5F6-4701-8901-234567890ABC}.Release|x86.ActiveCfg = Release|Any CPU
		{A1B2C3D4-E5F6-4701-8901-234567890ABC}.Release|x86.Build.0 = Release|Any CPU
		{B2C3D4E5-F6A7-4802-9012-34567890ABCD}.Debug|Any CPU.ActiveCfg = Debug|Any CPU
		{B2C3D4E5-F6A7-4802-9012-34567890ABCD}.Debug|Any CPU.Build.0 = Debug|Any CPU
		{B2C3D4E5-F6A7-4802-9012-34567890ABCD}.Debug|x64.ActiveCfg = Debug|Any CPU
		{B2C3D4E5-F6A7-4802-9012-34567890ABCD}.Debug|x64.Build.0 = Debug|Any CPU
		{B2C3D4E5-F6A7-4802-9012-34567890ABCD}.Debug|x86.ActiveCfg = Debug|Any CPU
		{B2C3D4E5-F6A7-4802-9012-34567890ABCD}.Debug|x86.Build.0 = Debug|Any CPU
		{B2C3D4E5-F6A7-4802-9012-34567890ABCD}.Release|Any CPU.ActiveCfg = Release|Any CPU
		{B2C3D4E5-F6A7-4802-9012-34567890ABCD}.Release|Any CPU.Build.0 = Release|Any CPU
		{B2C3D4E5-F6A7-4802-9012-34567890ABCD}.Release|x64.ActiveCfg = Release|Any CPU
		{B2C3D4E5-F6A7-4802-9012-34567890ABCD}.Release|x64.Build.0 = Release|Any CPU
		{B2C3D4E5-F6A7-4802-9012-34567890ABCD}.Release|x86.ActiveCfg = Release|Any CPU
		{B2C3D4E5-F6A7-4802-9012-34567890ABCD}.Release|x86.Build.0 = Release|Any CPU
		{C3D4E5F6-A7B8-4903-A123-4567890ABCDE}.Debug|Any CPU.ActiveCfg = Debug|Any CPU
		{C3D4E5F6-A7B8-4903-A123-4567890ABCDE}.Debug|Any CPU.Build.0 = Debug|Any CPU
		{C3D4E5F6-A7B8-4903-A123-4567890ABCDE}.Debug|x64.ActiveCfg = Debug|Any CPU
		{C3D4E5F6-A7B8-4903-A123-4567890ABCDE}.Debug|x64.Build.0 = Debug|Any CPU
		{C3D4E5F6-A7B8-4903-A123-4567890ABCDE}.Debug|x86.ActiveCfg = Debug|Any CPU
		{C3D4E5F6-A7B8-4903-A123-4567890ABCDE}.Debug|x86.Build.0 = Debug|Any CPU
		{C3D4E5F6-A7B8-4903-A123-4567890ABCDE}.Release|Any CPU.ActiveCfg = Release|Any CPU
		{C3D4E5F6-A7B8-4903-A123-4567890ABCDE}.Release|Any CPU.Build.0 = Release|Any CPU
		{C3D4E5F6-A7B8-4903-A123-4567890ABCDE}.Release|x64.ActiveCfg = Release|Any CPU
		{C3D4E5F6-A7B8-4903-A123-4567890ABCDE}.Release|x64.Build.0 = Release|Any CPU
		{C3D4E5F6-A7B8-4903-A123-4567890ABCDE}.Release|x86.ActiveCfg = Release|Any CPU
		{C3D4E5F6-A7B8-4903-A123-4567890ABCDE}.Release|x86.Build.0 = Release|Any CPU
		{D4E5F6A7-B8C9-4A04-B234-567890ABCDEF}.Debug|Any CPU.ActiveCfg = Debug|Any CPU
		{D4E5F6A7-B8C9-4A04-B234-567890ABCDEF}.Debug|Any CPU.Build.0 = Debug|Any CPU
		{D4E5F6A7-B8C9-4A04-B234-567890ABCDEF}.Debug|x64.ActiveCfg = Debug|Any CPU
		{D4E5F6A7-B8C9-4A04-B234-567890ABCDEF}.Debug|x64.Build.0 = Debug|Any CPU
		{D4E5F6A7-B8C9-4A04-B234-567890ABCDEF}.Debug|x86.ActiveCfg = Debug|Any CPU
		{D4E5F6A7-B8C9-4A04-B234-567890ABCDEF}.Debug|x86.Build.0 = Debug|Any CPU
		{D4E5F6A7-B8C9-4A04-B234-567890ABCDEF}.Release|Any CPU.ActiveCfg = Release|Any CPU
		{D4E5F6A7-B8C9-4A04-B234-567890ABCDEF}.Release|Any CPU.Build.0 = Release|Any CPU
		{D4E5F6A7-B8C9-4A04-B234-567890ABCDEF}.Release|x64.ActiveCfg = Release|Any CPU
		{D4E5F6A7-B8C9-4A04-B234-567890ABCDEF}.Release|x64.Build.0 = Release|Any CPU
		{D4E5F6A7-B8C9-4A04-B234-567890ABCDEF}.Release|x86.ActiveCfg = Release|Any CPU
		{D4E5F6A7-B8C9-4A04-B234-567890ABCDEF}.Release|x86.Build.0 = Release|Any CPU
		{0BABE8F4-81A6-4AB5-AA92-7598233D24A4}.Debug|Any CPU.ActiveCfg = Debug|Any CPU
		{0BABE8F4-81A6-4AB5-AA92-7598233D24A4}.Debug|Any CPU.Build.0 = Debug|Any CPU
		{0BABE8F4-81A6-4AB5-AA92-7598233D24A4}.Debug|x64.ActiveCfg = Debug|Any CPU
		{0BABE8F4-81A6-4AB5-AA92-7598233D24A4}.Debug|x64.Build.0 = Debug|Any CPU
		{0BABE8F4-81A6-4AB5-AA92-7598233D24A4}.Debug|x86.ActiveCfg = Debug|Any CPU
		{0BABE8F4-81A6-4AB5-AA92-7598233D24A4}.Debug|x86.Build.0 = Debug|Any CPU
		{0BABE8F4-81A6-4AB5-AA92-7598233D24A4}.Release|Any CPU.ActiveCfg = Release|Any CPU
		{0BABE8F4-81A6-4AB5-AA92-7598233D24A4}.Release|Any CPU.Build.0 = Release|Any CPU
		{0BABE8F4-81A6-4AB5-AA92-7598233D24A4}.Release|x64.ActiveCfg = Release|Any CPU
		{0BABE8F4-81A6-4AB5-AA92-7598233D24A4}.Release|x64.Build.0 = Release|Any CPU
		{0BABE8F4-81A6-4AB5-AA92-7598233D24A4}.Release|x86.ActiveCfg = Release|Any CPU
		{0BABE8F4-81A6-4AB5-AA92-7598233D24A4}.Release|x86.Build.0 = Release|Any CPU
		{9DE5E0C4-3A05-4DF2-B2EA-F87B62567624}.Debug|Any CPU.ActiveCfg = Debug|Any CPU
		{9DE5E0C4-3A05-4DF2-B2EA-F87B62567624}.Debug|Any CPU.Build.0 = Debug|Any CPU
		{9DE5E0C4-3A05-4DF2-B2EA-F87B62567624}.Debug|x64.ActiveCfg = Debug|Any CPU
		{9DE5E0C4-3A05-4DF2-B2EA-F87B62567624}.Debug|x64.Build.0 = Debug|Any CPU
		{9DE5E0C4-3A05-4DF2-B2EA-F87B62567624}.Debug|x86.ActiveCfg = Debug|Any CPU
		{9DE5E0C4-3A05-4DF2-B2EA-F87B62567624}.Debug|x86.Build.0 = Debug|Any CPU
		{9DE5E0C4-3A05-4DF2-B2EA-F87B62567624}.Release|Any CPU.ActiveCfg = Release|Any CPU
		{9DE5E0C4-3A05-4DF2-B2EA-F87B62567624}.Release|Any CPU.Build.0 = Release|Any CPU
		{9DE5E0C4-3A05-4DF2-B2EA-F87B62567624}.Release|x64.ActiveCfg = Release|Any CPU
		{9DE5E0C4-3A05-4DF2-B2EA-F87B62567624}.Release|x64.Build.0 = Release|Any CPU
		{9DE5E0C4-3A05-4DF2-B2EA-F87B62567624}.Release|x86.ActiveCfg = Release|Any CPU
		{9DE5E0C4-3A05-4DF2-B2EA-F87B62567624}.Release|x86.Build.0 = Release|Any CPU
	EndGlobalSection
	GlobalSection(SolutionProperties) = preSolution
		HideSolutionNode = FALSE
	EndGlobalSection
EndGlobal
